
Microsoft Visual Studio Solution File, Format Version 12.00
# Visual Studio Version 16
VisualStudioVersion = 16.0.29905.134
MinimumVisualStudioVersion = 10.0.40219.1
Project("{9A19103F-16F7-4668-BE54-9A1E7A4F7556}") = "Schedule_master_2000", "Schedule_master_2000.csproj", "{BEFF7CDD-5DDC-4025-945E-9D696C5B3D68}"
EndProject
Global
	GlobalSection(SolutionConfigurationPlatforms) = preSolution
		Debug|Any CPU = Debug|Any CPU
		Release|Any CPU = Release|Any CPU
	EndGlobalSection
	GlobalSection(ProjectConfigurationPlatforms) = postSolution
		{BEFF7CDD-5DDC-4025-945E-9D696C5B3D68}.Debug|Any CPU.ActiveCfg = Debug|Any CPU
		{BEFF7CDD-5DDC-4025-945E-9D696C5B3D68}.Debug|Any CPU.Build.0 = Debug|Any CPU
		{BEFF7CDD-5DDC-4025-945E-9D696C5B3D68}.Release|Any CPU.ActiveCfg = Release|Any CPU
		{BEFF7CDD-5DDC-4025-945E-9D696C5B3D68}.Release|Any CPU.Build.0 = Release|Any CPU
	EndGlobalSection
	GlobalSection(SolutionProperties) = preSolution
		HideSolutionNode = FALSE
	EndGlobalSection
	GlobalSection(ExtensibilityGlobals) = postSolution
		SolutionGuid = {3E88C1CE-40D7-475B-87DF-74231501E60B}
	EndGlobalSection
EndGlobal
